Microsoft Visual Studio Solution File, Format Version 12.00
# Visual Studio Version 16
VisualStudioVersion = 16.0.30711.63
MinimumVisualStudioVersion = 10.0.40219.1
Project("{9A19103F-16F7-4668-BE54-9A1E7A4F7556}") = "UltimateXF", "UltimateXF\UltimateXF.csproj", "{BCF3934C-3F39-4A6D-9ED6-8F50B628DF2E}"
EndProject
Project("{FAE04EC0-301F-11D3-BF4B-00C04F79EFBC}") = "UltimateXF.iOS", "UltimateXF.iOS\UltimateXF.iOS.csproj", "{A486E26E-AF6F-485A-BDD2-C0AE9EEEC57F}"
EndProject
Project("{FAE04EC0-301F-11D3-BF4B-00C04F79EFBC}") = "UltimateXF.Droid", "UltimateXF.Droid\UltimateXF.Droid.csproj", "{4EF34830-5B90-4771-B93A-6B3C7AB26C3E}"
EndProject
Project("{FAE04EC0-301F-11D3-BF4B-00C04F79EFBC}") = "DemoXF.Android", "DemoXF.Android\DemoXF.Android.csproj", "{69DDDC64-AE48-4836-980A-2863207BFF23}"
EndProject
Project("{FAE04EC0-301F-11D3-BF4B-00C04F79EFBC}") = "DemoXF.iOS", "DemoXF.iOS\DemoXF.iOS.csproj", "{F6305287-2F89-43B2-AF3B-BC9E8037A52C}"
EndProject
Project("{9A19103F-16F7-4668-BE54-9A1E7A4F7556}") = "DemoXF", "DemoXF\DemoXF.csproj", "{887E4C26-578A-4576-BEE6-2A7F2263AFD2}"
EndProject
Project("{2150E333-8FDC-42A3-9474-1A3956D46DE8}") = "Library", "Library", "{4ACFA2A0-41B2-4EA0-AEC8-0B43D4B7D7C1}"
EndProject
Project("{2150E333-8FDC-42A3-9474-1A3956D46DE8}") = "DemoAPP", "DemoAPP", "{630E1EAA-90E1-49D4-97BB-065C684732F8}"
EndProject
Project("{5DD5E4FA-CB73-4610-85AB-557B54E96AA9}") = "UltimateXFNG.Nuget", "UltimateXFNG.Nuget\UltimateXFNG.Nuget.nuproj", "{F8F797F3-275E-4C6F-A28D-C5F8D5EADD5B}"
EndProject
Global
	GlobalSection(SolutionConfigurationPlatforms) = preSolution
		Ad-Hoc|Any CPU = Ad-Hoc|Any CPU
		Ad-Hoc|iPhone = Ad-Hoc|iPhone
		Ad-Hoc|iPhoneSimulator = Ad-Hoc|iPhoneSimulator
		AppStore|Any CPU = AppStore|Any CPU
		AppStore|iPhone = AppStore|iPhone
		AppStore|iPhoneSimulator = AppStore|iPhoneSimulator
		Debug|Any CPU = Debug|Any CPU
		Debug|iPhone = Debug|iPhone
		Debug|iPhoneSimulator = Debug|iPhoneSimulator
		Release|Any CPU = Release|Any CPU
		Release|iPhone = Release|iPhone
		Release|iPhoneSimulator = Release|iPhoneSimulator
	EndGlobalSection
	GlobalSection(ProjectConfigurationPlatforms) = postSolution
		{BCF3934C-3F39-4A6D-9ED6-8F50B628DF2E}.Ad-Hoc|Any CPU.ActiveCfg = Release|Any CPU
		{BCF3934C-3F39-4A6D-9ED6-8F50B628DF2E}.Ad-Hoc|Any CPU.Build.0 = Release|Any CPU
		{BCF3934C-3F39-4A6D-9ED6-8F50B628DF2E}.Ad-Hoc|iPhone.ActiveCfg = Debug|Any CPU
		{BCF3934C-3F39-4A6D-9ED6-8F50B628DF2E}.Ad-Hoc|iPhone.Build.0 = Debug|Any CPU
		{BCF3934C-3F39-4A6D-9ED6-8F50B628DF2E}.Ad-Hoc|iPhoneSimulator.ActiveCfg = Release|Any CPU
		{BCF3934C-3F39-4A6D-9ED6-8F50B628DF2E}.Ad-Hoc|iPhoneSimulator.Build.0 = Release|Any CPU
		{BCF3934C-3F39-4A6D-9ED6-8F50B628DF2E}.AppStore|Any CPU.ActiveCfg = Release|Any CPU
		{BCF3934C-3F39-4A6D-9ED6-8F50B628DF2E}.AppStore|Any CPU.Build.0 = Release|Any CPU
		{BCF3934C-3F39-4A6D-9ED6-8F50B628DF2E}.AppStore|iPhone.ActiveCfg = Debug|Any CPU
		{BCF3934C-3F39-4A6D-9ED6-8F50B628DF2E}.AppStore|iPhone.Build.0 = Debug|Any CPU
		{BCF3934C-3F39-4A6D-9ED6-8F50B628DF2E}.AppStore|iPhoneSimulator.ActiveCfg = Release|Any CPU
		{BCF3934C-3F39-4A6D-9ED6-8F50B628DF2E}.AppStore|iPhoneSimulator.Build.0 = Release|Any CPU
		{BCF3934C-3F39-4A6D-9ED6-8F50B628DF2E}.Debug|Any CPU.ActiveCfg = Debug|Any CPU
		{BCF3934C-3F39-4A6D-9ED6-8F50B628DF2E}.Debug|Any CPU.Build.0 = Debug|Any CPU
		{BCF3934C-3F39-4A6D-9ED6-8F50B628DF2E}.Debug|iPhone.ActiveCfg = Debug|Any CPU
		{BCF3934C-3F39-4A6D-9ED6-8F50B628DF2E}.Debug|iPhone.Build.0 = Debug|Any CPU
		{BCF3934C-3F39-4A6D-9ED6-8F50B628DF2E}.Debug|iPhoneSimulator.ActiveCfg = Debug|Any CPU
		{BCF3934C-3F39-4A6D-9ED6-8F50B628DF2E}.Debug|iPhoneSimulator.Build.0 = Debug|Any CPU
		{BCF3934C-3F39-4A6D-9ED6-8F50B628DF2E}.Release|Any CPU.ActiveCfg = Release|Any CPU
		{BCF3934C-3F39-4A6D-9ED6-8F50B628DF2E}.Release|Any CPU.Build.0 = Release|Any CPU
		{BCF3934C-3F39-4A6D-9ED6-8F50B628DF2E}.Release|iPhone.ActiveCfg = Release|Any CPU
		{BCF3934C-3F39-4A6D-9ED6-8F50B628DF2E}.Release|iPhone.Build.0 = Release|Any CPU
		{BCF3934C-3F39-4A6D-9ED6-8F50B628DF2E}.Release|iPhoneSimulator.ActiveCfg = Release|Any CPU
		{BCF3934C-3F39-4A6D-9ED6-8F50B628DF2E}.Release|iPhoneSimulator.Build.0 = Release|Any CPU
		{A486E26E-AF6F-485A-BDD2-C0AE9EEEC57F}.Ad-Hoc|Any CPU.ActiveCfg = Release|Any CPU
		{A486E26E-AF6F-485A-BDD2-C0AE9EEEC57F}.Ad-Hoc|Any CPU.Build.0 = Release|Any CPU
		{A486E26E-AF6F-485A-BDD2-C0AE9EEEC57F}.Ad-Hoc|iPhone.ActiveCfg = Debug|Any CPU
		{A486E26E-AF6F-485A-BDD2-C0AE9EEEC57F}.Ad-Hoc|iPhone.Build.0 = Debug|Any CPU
		{A486E26E-AF6F-485A-BDD2-C0AE9EEEC57F}.Ad-Hoc|iPhoneSimulator.ActiveCfg = Release|Any CPU
		{A486E26E-AF6F-485A-BDD2-C0AE9EEEC57F}.Ad-Hoc|iPhoneSimulator.Build.0 = Release|Any CPU
		{A486E26E-AF6F-485A-BDD2-C0AE9EEEC57F}.AppStore|Any CPU.ActiveCfg = Release|Any CPU
		{A486E26E-AF6F-485A-BDD2-C0AE9EEEC57F}.AppStore|Any CPU.Build.0 = Release|Any CPU
		{A486E26E-AF6F-485A-BDD2-C0AE9EEEC57F}.AppStore|iPhone.ActiveCfg = Debug|Any CPU
		{A486E26E-AF6F-485A-BDD2-C0AE9EEEC57F}.AppStore|iPhone.Build.0 = Debug|Any CPU
		{A486E26E-AF6F-485A-BDD2-C0AE9EEEC57F}.AppStore|iPhoneSimulator.ActiveCfg = Release|Any CPU
		{A486E26E-AF6F-485A-BDD2-C0AE9EEEC57F}.AppStore|iPhoneSimulator.Build.0 = Release|Any CPU
		{A486E26E-AF6F-485A-BDD2-C0AE9EEEC57F}.Debug|Any CPU.ActiveCfg = Debug|Any CPU
		{A486E26E-AF6F-485A-BDD2-C0AE9EEEC57F}.Debug|Any CPU.Build.0 = Debug|Any CPU
		{A486E26E-AF6F-485A-BDD2-C0AE9EEEC57F}.Debug|iPhone.ActiveCfg = Debug|Any CPU
		{A486E26E-AF6F-485A-BDD2-C0AE9EEEC57F}.Debug|iPhone.Build.0 = Debug|Any CPU
		{A486E26E-AF6F-485A-BDD2-C0AE9EEEC57F}.Debug|iPhoneSimulator.ActiveCfg = Debug|Any CPU
		{A486E26E-AF6F-485A-BDD2-C0AE9EEEC57F}.Debug|iPhoneSimulator.Build.0 = Debug|Any CPU
		{A486E26E-AF6F-485A-BDD2-C0AE9EEEC57F}.Release|Any CPU.ActiveCfg = Release|Any CPU
		{A486E26E-AF6F-485A-BDD2-C0AE9EEEC57F}.Release|Any CPU.Build.0 = Release|Any CPU
		{A486E26E-AF6F-485A-BDD2-C0AE9EEEC57F}.Release|iPhone.ActiveCfg = Release|Any CPU
		{A486E26E-AF6F-485A-BDD2-C0AE9EEEC57F}.Release|iPhone.Build.0 = Release|Any CPU
		{A486E26E-AF6F-485A-BDD2-C0AE9EEEC57F}.Release|iPhoneSimulator.ActiveCfg = Release|Any CPU
		{A486E26E-AF6F-485A-BDD2-C0AE9EEEC57F}.Release|iPhoneSimulator.Build.0 = Release|Any CPU
		{4EF34830-5B90-4771-B93A-6B3C7AB26C3E}.Ad-Hoc|Any CPU.ActiveCfg = Release|Any CPU
		{4EF34830-5B90-4771-B93A-6B3C7AB26C3E}.Ad-Hoc|Any CPU.Build.0 = Release|Any CPU
		{4EF34830-5B90-4771-B93A-6B3C7AB26C3E}.Ad-Hoc|iPhone.ActiveCfg = Debug|Any CPU
		{4EF34830-5B90-4771-B93A-6B3C7AB26C3E}.Ad-Hoc|iPhone.Build.0 = Debug|Any CPU
		{4EF34830-5B90-4771-B93A-6B3C7AB26C3E}.Ad-Hoc|iPhoneSimulator.ActiveCfg = Release|Any CPU
		{4EF34830-5B90-4771-B93A-6B3C7AB26C3E}.Ad-Hoc|iPhoneSimulator.Build.0 = Release|Any CPU
		{4EF34830-5B90-4771-B93A-6B3C7AB26C3E}.AppStore|Any CPU.ActiveCfg = Release|Any CPU
		{4EF34830-5B90-4771-B93A-6B3C7AB26C3E}.AppStore|Any CPU.Build.0 = Release|Any CPU
		{4EF34830-5B90-4771-B93A-6B3C7AB26C3E}.AppStore|iPhone.ActiveCfg = Debug|Any CPU
		{4EF34830-5B90-4771-B93A-6B3C7AB26C3E}.AppStore|iPhone.Build.0 = Debug|Any CPU
		{4EF34830-5B90-4771-B93A-6B3C7AB26C3E}.AppStore|iPhoneSimulator.ActiveCfg = Release|Any CPU
		{4EF34830-5B90-4771-B93A-6B3C7AB26C3E}.AppStore|iPhoneSimulator.Build.0 = Release|Any CPU
		{4EF34830-5B90-4771-B93A-6B3C7AB26C3E}.Debug|Any CPU.ActiveCfg = Debug|Any CPU
		{4EF34830-5B90-4771-B93A-6B3C7AB26C3E}.Debug|Any CPU.Build.0 = Debug|Any CPU
		{4EF34830-5B90-4771-B93A-6B3C7AB26C3E}.Debug|iPhone.ActiveCfg = Debug|Any CPU
		{4EF34830-5B90-4771-B93A-6B3C7AB26C3E}.Debug|iPhone.Build.0 = Debug|Any CPU
		{4EF34830-5B90-4771-B93A-6B3C7AB26C3E}.Debug|iPhoneSimulator.ActiveCfg = Debug|Any CPU
		{4EF34830-5B90-4771-B93A-6B3C7AB26C3E}.Debug|iPhoneSimulator.Build.0 = Debug|Any CPU
		{4EF34830-5B90-4771-B93A-6B3C7AB26C3E}.Release|Any CPU.ActiveCfg = Release|Any CPU
		{4EF34830-5B90-4771-B93A-6B3C7AB26C3E}.Release|Any CPU.Build.0 = Release|Any CPU
		{4EF34830-5B90-4771-B93A-6B3C7AB26C3E}.Release|iPhone.ActiveCfg = Release|Any CPU
		{4EF34830-5B90-4771-B93A-6B3C7AB26C3E}.Release|iPhone.Build.0 = Release|Any CPU
		{4EF34830-5B90-4771-B93A-6B3C7AB26C3E}.Release|iPhoneSimulator.ActiveCfg = Release|Any CPU
		{4EF34830-5B90-4771-B93A-6B3C7AB26C3E}.Release|iPhoneSimulator.Build.0 = Release|Any CPU
		{69DDDC64-AE48-4836-980A-2863207BFF23}.Ad-Hoc|Any CPU.ActiveCfg = Release|Any CPU
		{69DDDC64-AE48-4836-980A-2863207BFF23}.Ad-Hoc|Any CPU.Build.0 = Release|Any CPU
		{69DDDC64-AE48-4836-980A-2863207BFF23}.Ad-Hoc|Any CPU.Deploy.0 = Release|Any CPU
		{69DDDC64-AE48-4836-980A-2863207BFF23}.Ad-Hoc|iPhone.ActiveCfg = Debug|Any CPU
		{69DDDC64-AE48-4836-980A-2863207BFF23}.Ad-Hoc|iPhone.Build.0 = Debug|Any CPU
		{69DDDC64-AE48-4836-980A-2863207BFF23}.Ad-Hoc|iPhoneSimulator.ActiveCfg = Release|Any CPU
		{69DDDC64-AE48-4836-980A-2863207BFF23}.Ad-Hoc|iPhoneSimulator.Build.0 = Release|Any CPU
		{69DDDC64-AE48-4836-980A-2863207BFF23}.Ad-Hoc|iPhoneSimulator.Deploy.0 = Release|Any CPU
		{69DDDC64-AE48-4836-980A-2863207BFF23}.AppStore|Any CPU.ActiveCfg = Release|Any CPU
		{69DDDC64-AE48-4836-980A-2863207BFF23}.AppStore|Any CPU.Build.0 = Release|Any CPU
		{69DDDC64-AE48-4836-980A-2863207BFF23}.AppStore|Any CPU.Deploy.0 = Release|Any CPU
		{69DDDC64-AE48-4836-980A-2863207BFF23}.AppStore|iPhone.ActiveCfg = Debug|Any CPU
		{69DDDC64-AE48-4836-980A-2863207BFF23}.AppStore|iPhone.Build.0 = Debug|Any CPU
		{69DDDC64-AE48-4836-980A-2863207BFF23}.AppStore|iPhoneSimulator.ActiveCfg = Release|Any CPU
		{69DDDC64-AE48-4836-980A-2863207BFF23}.AppStore|iPhoneSimulator.Build.0 = Release|Any CPU
		{69DDDC64-AE48-4836-980A-2863207BFF23}.AppStore|iPhoneSimulator.Deploy.0 = Release|Any CPU
		{69DDDC64-AE48-4836-980A-2863207BFF23}.Debug|Any CPU.ActiveCfg = Debug|Any CPU
		{69DDDC64-AE48-4836-980A-2863207BFF23}.Debug|Any CPU.Build.0 = Debug|Any CPU
		{69DDDC64-AE48-4836-980A-2863207BFF23}.Debug|Any CPU.Deploy.0 = Debug|Any CPU
		{69DDDC64-AE48-4836-980A-2863207BFF23}.Debug|iPhone.ActiveCfg = Debug|Any CPU
		{69DDDC64-AE48-4836-980A-2863207BFF23}.Debug|iPhone.Build.0 = Debug|Any CPU
		{69DDDC64-AE48-4836-980A-2863207BFF23}.Debug|iPhoneSimulator.ActiveCfg = Debug|Any CPU
		{69DDDC64-AE48-4836-980A-2863207BFF23}.Debug|iPhoneSimulator.Build.0 = Debug|Any CPU
		{69DDDC64-AE48-4836-980A-2863207BFF23}.Release|Any CPU.ActiveCfg = Release|Any CPU
		{69DDDC64-AE48-4836-980A-2863207BFF23}.Release|Any CPU.Build.0 = Release|Any CPU
		{69DDDC64-AE48-4836-980A-2863207BFF23}.Release|iPhone.ActiveCfg = Release|Any CPU
		{69DDDC64-AE48-4836-980A-2863207BFF23}.Release|iPhone.Build.0 = Release|Any CPU
		{69DDDC64-AE48-4836-980A-2863207BFF23}.Release|iPhoneSimulator.ActiveCfg = Release|Any CPU
		{69DDDC64-AE48-4836-980A-2863207BFF23}.Release|iPhoneSimulator.Build.0 = Release|Any CPU
		{F6305287-2F89-43B2-AF3B-BC9E8037A52C}.Ad-Hoc|Any CPU.ActiveCfg = Ad-Hoc|iPhoneSimulator
		{F6305287-2F89-43B2-AF3B-BC9E8037A52C}.Ad-Hoc|iPhone.ActiveCfg = Ad-Hoc|iPhone
		{F6305287-2F89-43B2-AF3B-BC9E8037A52C}.Ad-Hoc|iPhone.Build.0 = Ad-Hoc|iPhone
		{F6305287-2F89-43B2-AF3B-BC9E8037A52C}.Ad-Hoc|iPhoneSimulator.ActiveCfg = Ad-Hoc|iPhoneSimulator
		{F6305287-2F89-43B2-AF3B-BC9E8037A52C}.Ad-Hoc|iPhoneSimulator.Build.0 = Ad-Hoc|iPhoneSimulator
		{F6305287-2F89-43B2-AF3B-BC9E8037A52C}.AppStore|Any CPU.ActiveCfg = AppStore|iPhoneSimulator
		{F6305287-2F89-43B2-AF3B-BC9E8037A52C}.AppStore|iPhone.ActiveCfg = AppStore|iPhone
		{F6305287-2F89-43B2-AF3B-BC9E8037A52C}.AppStore|iPhone.Build.0 = AppStore|iPhone
		{F6305287-2F89-43B2-AF3B-BC9E8037A52C}.AppStore|iPhoneSimulator.ActiveCfg = AppStore|iPhoneSimulator
		{F6305287-2F89-43B2-AF3B-BC9E8037A52C}.AppStore|iPhoneSimulator.Build.0 = AppStore|iPhoneSimulator
		{F6305287-2F89-43B2-AF3B-BC9E8037A52C}.Debug|Any CPU.ActiveCfg = Debug|iPhoneSimulator
		{F6305287-2F89-43B2-AF3B-BC9E8037A52C}.Debug|Any CPU.Build.0 = Debug|iPhoneSimulator
		{F6305287-2F89-43B2-AF3B-BC9E8037A52C}.Debug|iPhone.ActiveCfg = Debug|iPhone
		{F6305287-2F89-43B2-AF3B-BC9E8037A52C}.Debug|iPhone.Build.0 = Debug|iPhone
		{F6305287-2F89-43B2-AF3B-BC9E8037A52C}.Debug|iPhoneSimulator.ActiveCfg = Debug|iPhoneSimulator
		{F6305287-2F89-43B2-AF3B-BC9E8037A52C}.Debug|iPhoneSimulator.Build.0 = Debug|iPhoneSimulator
		{F6305287-2F89-43B2-AF3B-BC9E8037A52C}.Release|Any CPU.ActiveCfg = Release|iPhoneSimulator
		{F6305287-2F89-43B2-AF3B-BC9E8037A52C}.Release|Any CPU.Build.0 = Release|iPhoneSimulator
		{F6305287-2F89-43B2-AF3B-BC9E8037A52C}.Release|iPhone.ActiveCfg = Release|iPhone
		{F6305287-2F89-43B2-AF3B-BC9E8037A52C}.Release|iPhone.Build.0 = Release|iPhone
		{F6305287-2F89-43B2-AF3B-BC9E8037A52C}.Release|iPhoneSimulator.ActiveCfg = Release|iPhoneSimulator
		{F6305287-2F89-43B2-AF3B-BC9E8037A52C}.Release|iPhoneSimulator.Build.0 = Release|iPhoneSimulator
		{887E4C26-578A-4576-BEE6-2A7F2263AFD2}.Ad-Hoc|Any CPU.ActiveCfg = Release|Any CPU
		{887E4C26-578A-4576-BEE6-2A7F2263AFD2}.Ad-Hoc|Any CPU.Build.0 = Release|Any CPU
		{887E4C26-578A-4576-BEE6-2A7F2263AFD2}.Ad-Hoc|iPhone.ActiveCfg = Debug|Any CPU
		{887E4C26-578A-4576-BEE6-2A7F2263AFD2}.Ad-Hoc|iPhone.Build.0 = Debug|Any CPU
		{887E4C26-578A-4576-BEE6-2A7F2263AFD2}.Ad-Hoc|iPhoneSimulator.ActiveCfg = Release|Any CPU
		{887E4C26-578A-4576-BEE6-2A7F2263AFD2}.Ad-Hoc|iPhoneSimulator.Build.0 = Release|Any CPU
		{887E4C26-578A-4576-BEE6-2A7F2263AFD2}.AppStore|Any CPU.ActiveCfg = Release|Any CPU
		{887E4C26-578A-4576-BEE6-2A7F2263AFD2}.AppStore|Any CPU.Build.0 = Release|Any CPU
		{887E4C26-578A-4576-BEE6-2A7F2263AFD2}.AppStore|iPhone.ActiveCfg = Debug|Any CPU
		{887E4C26-578A-4576-BEE6-2A7F2263AFD2}.AppStore|iPhone.Build.0 = Debug|Any CPU
		{887E4C26-578A-4576-BEE6-2A7F2263AFD2}.AppStore|iPhoneSimulator.ActiveCfg = Release|Any CPU
		{887E4C26-578A-4576-BEE6-2A7F2263AFD2}.AppStore|iPhoneSimulator.Build.0 = Release|Any CPU
		{887E4C26-578A-4576-BEE6-2A7F2263AFD2}.Debug|Any CPU.ActiveCfg = Debug|Any CPU
		{887E4C26-578A-4576-BEE6-2A7F2263AFD2}.Debug|Any CPU.Build.0 = Debug|Any CPU
		{887E4C26-578A-4576-BEE6-2A7F2263AFD2}.Debug|iPhone.ActiveCfg = Debug|Any CPU
		{887E4C26-578A-4576-BEE6-2A7F2263AFD2}.Debug|iPhone.Build.0 = Debug|Any CPU
		{887E4C26-578A-4576-BEE6-2A7F2263AFD2}.Debug|iPhoneSimulator.ActiveCfg = Debug|Any CPU
		{887E4C26-578A-4576-BEE6-2A7F2263AFD2}.Debug|iPhoneSimulator.Build.0 = Debug|Any CPU
		{887E4C26-578A-4576-BEE6-2A7F2263AFD2}.Release|Any CPU.ActiveCfg = Release|Any CPU
		{887E4C26-578A-4576-BEE6-2A7F2263AFD2}.Release|Any CPU.Build.0 = Release|Any CPU
		{887E4C26-578A-4576-BEE6-2A7F2263AFD2}.Release|iPhone.ActiveCfg = Release|Any CPU
		{887E4C26-578A-4576-BEE6-2A7F2263AFD2}.Release|iPhone.Build.0 = Release|Any CPU
		{887E4C26-578A-4576-BEE6-2A7F2263AFD2}.Release|iPhoneSimulator.ActiveCfg = Release|Any CPU
		{887E4C26-578A-4576-BEE6-2A7F2263AFD2}.Release|iPhoneSimulator.Build.0 = Release|Any CPU
		{F8F797F3-275E-4C6F-A28D-C5F8D5EADD5B}.Ad-Hoc|Any CPU.ActiveCfg = Release|Any CPU
		{F8F797F3-275E-4C6F-A28D-C5F8D5EADD5B}.Ad-Hoc|iPhone.ActiveCfg = Debug|Any CPU
		{F8F797F3-275E-4C6F-A28D-C5F8D5EADD5B}.Ad-Hoc|iPhone.Build.0 = Debug|Any CPU
		{F8F797F3-275E-4C6F-A28D-C5F8D5EADD5B}.Ad-Hoc|iPhoneSimulator.ActiveCfg = Release|Any CPU
		{F8F797F3-275E-4C6F-A28D-C5F8D5EADD5B}.AppStore|Any CPU.ActiveCfg = Release|Any CPU
		{F8F797F3-275E-4C6F-A28D-C5F8D5EADD5B}.AppStore|iPhone.ActiveCfg = Debug|Any CPU
		{F8F797F3-275E-4C6F-A28D-C5F8D5EADD5B}.AppStore|iPhone.Build.0 = Debug|Any CPU
		{F8F797F3-275E-4C6F-A28D-C5F8D5EADD5B}.AppStore|iPhoneSimulator.ActiveCfg = Release|Any CPU
		{F8F797F3-275E-4C6F-A28D-C5F8D5EADD5B}.Debug|Any CPU.ActiveCfg = Debug|Any CPU
		{F8F797F3-275E-4C6F-A28D-C5F8D5EADD5B}.Debug|Any CPU.Build.0 = Debug|Any CPU
		{F8F797F3-275E-4C6F-A28D-C5F8D5EADD5B}.Debug|iPhone.ActiveCfg = Debug|Any CPU
		{F8F797F3-275E-4C6F-A28D-C5F8D5EADD5B}.Debug|iPhone.Build.0 = Debug|Any CPU
		{F8F797F3-275E-4C6F-A28D-C5F8D5EADD5B}.Debug|iPhoneSimulator.ActiveCfg = Debug|Any CPU
		{F8F797F3-275E-4C6F-A28D-C5F8D5EADD5B}.Debug|iPhoneSimulator.Build.0 = Debug|Any CPU
		{F8F797F3-275E-4C6F-A28D-C5F8D5EADD5B}.Release|Any CPU.ActiveCfg = Release|Any CPU
		{F8F797F3-275E-4C6F-A28D-C5F8D5EADD5B}.Release|Any CPU.Build.0 = Release|Any CPU
		{F8F797F3-275E-4C6F-A28D-C5F8D5EADD5B}.Release|iPhone.ActiveCfg = Release|Any CPU
		{F8F797F3-275E-4C6F-A28D-C5F8D5EADD5B}.Release|iPhone.Build.0 = Release|Any CPU
		{F8F797F3-275E-4C6F-A28D-C5F8D5EADD5B}.Release|iPhoneSimulator.ActiveCfg = Release|Any CPU
		{F8F797F3-275E-4C6F-A28D-C5F8D5EADD5B}.Release|iPhoneSimulator.Build.0 = Release|Any CPU
	EndGlobalSection
	GlobalSection(SolutionProperties) = preSolution
		HideSolutionNode = FALSE
	EndGlobalSection
	GlobalSection(NestedProjects) = preSolution
		{BCF3934C-3F39-4A6D-9ED6-8F50B628DF2E} = {4ACFA2A0-41B2-4EA0-AEC8-0B43D4B7D7C1}
		{A486E26E-AF6F-485A-BDD2-C0AE9EEEC57F} = {4ACFA2A0-41B2-4EA0-AEC8-0B43D4B7D7C1}
		{4EF34830-5B90-4771-B93A-6B3C7AB26C3E} = {4ACFA2A0-41B2-4EA0-AEC8-0B43D4B7D7C1}
		{69DDDC64-AE48-4836-980A-2863207BFF23} = {630E1EAA-90E1-49D4-97BB-065C684732F8}
		{F6305287-2F89-43B2-AF3B-BC9E8037A52C} = {630E1EAA-90E1-49D4-97BB-065C684732F8}
		{887E4C26-578A-4576-BEE6-2A7F2263AFD2} = {630E1EAA-90E1-49D4-97BB-065C684732F8}
	EndGlobalSection
	GlobalSection(ExtensibilityGlobals) = postSolution
		SolutionGuid = {59B19FC4-FB07-4FA4-A724-8E09542471C7}
	EndGlobalSection
EndGlobal
